
Microsoft Visual Studio Solution File, Format Version 12.00
# Visual Studio Version 17
VisualStudioVersion = 17.8.34316.72
MinimumVisualStudioVersion = 10.0.40219.1
Project("{FAE04EC0-301F-11D3-BF4B-00C04F79EFBC}") = "VShop.API", "VShop.API\VShop.API.csproj", "{88FD7C18-96FA-4B54-A215-FF3107E963DD}"
EndProject
Global
	GlobalSection(SolutionConfigurationPlatforms) = preSolution
		Debug|Any CPU = Debug|Any CPU
		Release|Any CPU = Release|Any CPU
	EndGlobalSection
	GlobalSection(ProjectConfigurationPlatforms) = postSolution
		{88FD7C18-96FA-4B54-A215-FF3107E963DD}.Debug|Any CPU.ActiveCfg = Debug|Any CPU
		{88FD7C18-96FA-4B54-A215-FF3107E963DD}.Debug|Any CPU.Build.0 = Debug|Any CPU
		{88FD7C18-96FA-4B54-A215-FF3107E963DD}.Release|Any CPU.ActiveCfg = Release|Any CPU
		{88FD7C18-96FA-4B54-A215-FF3107E963DD}.Release|Any CPU.Build.0 = Release|Any CPU
	EndGlobalSection
	GlobalSection(SolutionProperties) = preSolution
		HideSolutionNode = FALSE
	EndGlobalSection
	GlobalSection(ExtensibilityGlobals) = postSolution
		SolutionGuid = {474AE920-18AE-4513-A2A2-6269ECD4B640}
	EndGlobalSection
EndGlobal
